
Microsoft Visual Studio Solution File, Format Version 12.00
Project("{2150E333-8FDC-42A3-9474-1A3956D46DE8}") = "src", "src", "{A97D937C-DDB1-4399-A08D-0AF94E6A4910}"
EndProject
Project("{2150E333-8FDC-42A3-9474-1A3956D46DE8}") = "Adapters", "Adapters", "{38FE706F-061E-47F9-B53D-C7F3AB2619DE}"
EndProject
Project("{2150E333-8FDC-42A3-9474-1A3956D46DE8}") = "Core", "Core", "{932069B8-156C-4C56-BE83-81662DE8688C}"
EndProject
Project("{2150E333-8FDC-42A3-9474-1A3956D46DE8}") = "Driven", "Driven", "{626AC0B8-98AF-4250-984B-AB5A610ECFF1}"
EndProject
Project("{2150E333-8FDC-42A3-9474-1A3956D46DE8}") = "Driving", "Driving", "{045B1B02-0900-4702-B8FF-F38ECB6E25F6}"
EndProject
Global
	GlobalSection(SolutionConfigurationPlatforms) = preSolution
		Debug|Any CPU = Debug|Any CPU
		Release|Any CPU = Release|Any CPU
	EndGlobalSection
	GlobalSection(NestedProjects) = preSolution
		{38FE706F-061E-47F9-B53D-C7F3AB2619DE} = {A97D937C-DDB1-4399-A08D-0AF94E6A4910}
		{932069B8-156C-4C56-BE83-81662DE8688C} = {A97D937C-DDB1-4399-A08D-0AF94E6A4910}
		{626AC0B8-98AF-4250-984B-AB5A610ECFF1} = {38FE706F-061E-47F9-B53D-C7F3AB2619DE}
		{045B1B02-0900-4702-B8FF-F38ECB6E25F6} = {38FE706F-061E-47F9-B53D-C7F3AB2619DE}
	EndGlobalSection
EndGlobal
