
Microsoft Visual Studio Solution File, Format Version 12.00
Project("{2150E333-8FDC-42A3-9474-1A3956D46DE8}") = "src", "src", "{A97D937C-DDB1-4399-A08D-0AF94E6A4910}"
EndProject
Project("{2150E333-8FDC-42A3-9474-1A3956D46DE8}") = "Adapters", "Adapters", "{38FE706F-061E-47F9-B53D-C7F3AB2619DE}"
EndProject
Project("{2150E333-8FDC-42A3-9474-1A3956D46DE8}") = "Core", "Core", "{932069B8-156C-4C56-BE83-81662DE8688C}"
EndProject
Project("{2150E333-8FDC-42A3-9474-1A3956D46DE8}") = "Driven", "Driven", "{626AC0B8-98AF-4250-984B-AB5A610ECFF1}"
EndProject
Project("{2150E333-8FDC-42A3-9474-1A3956D46DE8}") = "Driving", "Driving", "{045B1B02-0900-4702-B8FF-F38ECB6E25F6}"
EndProject
Project("{FAE04EC0-301F-11D3-BF4B-00C04F79EFBC}") = "Application", "src\Core\Application\Application.csproj", "{AB4C8366-0083-45A7-AABC-657AA315C03A}"
EndProject
Project("{FAE04EC0-301F-11D3-BF4B-00C04F79EFBC}") = "Domain", "src\Core\Domain\Domain.csproj", "{E3189D99-605B-47E5-81D1-7739E9C27AB7}"
EndProject
Project("{FAE04EC0-301F-11D3-BF4B-00C04F79EFBC}") = "Infra.Database.SqlServer", "src\Adapters\Driven\Infra.Database.SqlServer\Infra.Database.SqlServer.csproj", "{3AD2B6D3-1A4C-495B-A2C1-79FEF35C3FB4}"
EndProject
Project("{FAE04EC0-301F-11D3-BF4B-00C04F79EFBC}") = "PracticeHexagonArchitecture.API", "src\Adapters\Driving\PracticeHexagonArchitecture.API\PracticeHexagonArchitecture.API.csproj", "{37AA294E-99E7-44C7-B7F8-5832F07B0F35}"
EndProject
Project("{FAE04EC0-301F-11D3-BF4B-00C04F79EFBC}") = "Infra.Database.Memory", "src\Adapters\Driven\Infra.Database.Memory\Infra.Database.Memory.csproj", "{66A2AD2A-B14A-497B-BED3-A38B7A9ED6C6}"
EndProject
Global
	GlobalSection(SolutionConfigurationPlatforms) = preSolution
		Debug|Any CPU = Debug|Any CPU
		Release|Any CPU = Release|Any CPU
	EndGlobalSection
	GlobalSection(NestedProjects) = preSolution
		{38FE706F-061E-47F9-B53D-C7F3AB2619DE} = {A97D937C-DDB1-4399-A08D-0AF94E6A4910}
		{932069B8-156C-4C56-BE83-81662DE8688C} = {A97D937C-DDB1-4399-A08D-0AF94E6A4910}
		{626AC0B8-98AF-4250-984B-AB5A610ECFF1} = {38FE706F-061E-47F9-B53D-C7F3AB2619DE}
		{045B1B02-0900-4702-B8FF-F38ECB6E25F6} = {38FE706F-061E-47F9-B53D-C7F3AB2619DE}
		{AB4C8366-0083-45A7-AABC-657AA315C03A} = {932069B8-156C-4C56-BE83-81662DE8688C}
		{E3189D99-605B-47E5-81D1-7739E9C27AB7} = {932069B8-156C-4C56-BE83-81662DE8688C}
		{3AD2B6D3-1A4C-495B-A2C1-79FEF35C3FB4} = {626AC0B8-98AF-4250-984B-AB5A610ECFF1}
		{37AA294E-99E7-44C7-B7F8-5832F07B0F35} = {045B1B02-0900-4702-B8FF-F38ECB6E25F6}
		{66A2AD2A-B14A-497B-BED3-A38B7A9ED6C6} = {626AC0B8-98AF-4250-984B-AB5A610ECFF1}
	EndGlobalSection
	GlobalSection(ProjectConfigurationPlatforms) = postSolution
		{AB4C8366-0083-45A7-AABC-657AA315C03A}.Debug|Any CPU.ActiveCfg = Debug|Any CPU
		{AB4C8366-0083-45A7-AABC-657AA315C03A}.Debug|Any CPU.Build.0 = Debug|Any CPU
		{AB4C8366-0083-45A7-AABC-657AA315C03A}.Release|Any CPU.ActiveCfg = Release|Any CPU
		{AB4C8366-0083-45A7-AABC-657AA315C03A}.Release|Any CPU.Build.0 = Release|Any CPU
		{E3189D99-605B-47E5-81D1-7739E9C27AB7}.Debug|Any CPU.ActiveCfg = Debug|Any CPU
		{E3189D99-605B-47E5-81D1-7739E9C27AB7}.Debug|Any CPU.Build.0 = Debug|Any CPU
		{E3189D99-605B-47E5-81D1-7739E9C27AB7}.Release|Any CPU.ActiveCfg = Release|Any CPU
		{E3189D99-605B-47E5-81D1-7739E9C27AB7}.Release|Any CPU.Build.0 = Release|Any CPU
		{3AD2B6D3-1A4C-495B-A2C1-79FEF35C3FB4}.Debug|Any CPU.ActiveCfg = Debug|Any CPU
		{3AD2B6D3-1A4C-495B-A2C1-79FEF35C3FB4}.Debug|Any CPU.Build.0 = Debug|Any CPU
		{3AD2B6D3-1A4C-495B-A2C1-79FEF35C3FB4}.Release|Any CPU.ActiveCfg = Release|Any CPU
		{3AD2B6D3-1A4C-495B-A2C1-79FEF35C3FB4}.Release|Any CPU.Build.0 = Release|Any CPU
		{37AA294E-99E7-44C7-B7F8-5832F07B0F35}.Debug|Any CPU.ActiveCfg = Debug|Any CPU
		{37AA294E-99E7-44C7-B7F8-5832F07B0F35}.Debug|Any CPU.Build.0 = Debug|Any CPU
		{37AA294E-99E7-44C7-B7F8-5832F07B0F35}.Release|Any CPU.ActiveCfg = Release|Any CPU
		{37AA294E-99E7-44C7-B7F8-5832F07B0F35}.Release|Any CPU.Build.0 = Release|Any CPU
		{66A2AD2A-B14A-497B-BED3-A38B7A9ED6C6}.Debug|Any CPU.ActiveCfg = Debug|Any CPU
		{66A2AD2A-B14A-497B-BED3-A38B7A9ED6C6}.Debug|Any CPU.Build.0 = Debug|Any CPU
		{66A2AD2A-B14A-497B-BED3-A38B7A9ED6C6}.Release|Any CPU.ActiveCfg = Release|Any CPU
		{66A2AD2A-B14A-497B-BED3-A38B7A9ED6C6}.Release|Any CPU.Build.0 = Release|Any CPU
	EndGlobalSection
EndGlobal
